// !$*UTF8*$!
{
	archiveVersion = 1;
	classes = {
	};
	objectVersion = 46;
	objects = {

/* Begin PBXBuildFile section */
		5A3B6F8B1AD146A1009AD282 /* Add.cpp in Sources */ = {isa = PBXBuildFile; fileRef = 5A3B6F6F1AD146A1009AD282 /* Add.cpp */; };
		5A3B6F8C1AD146A1009AD282 /* And.cpp in Sources */ = {isa = PBXBuildFile; fileRef = 5A3B6F711AD146A1009AD282 /* And.cpp */; };
		5A3B6F8D1AD146A1009AD282 /* Branch.cpp in Sources */ = {isa = PBXBuildFile; fileRef = 5A3B6F731AD146A1009AD282 /* Branch.cpp */; };
		5A3B6F8E1AD146A1009AD282 /* Divide.cpp in Sources */ = {isa = PBXBuildFile; fileRef = 5A3B6F761AD146A1009AD282 /* Divide.cpp */; };
		5A3B6F8F1AD146A1009AD282 /* Jump.cpp in Sources */ = {isa = PBXBuildFile; fileRef = 5A3B6F791AD146A1009AD282 /* Jump.cpp */; };
		5A3B6F901AD146A1009AD282 /* Load.cpp in Sources */ = {isa = PBXBuildFile; fileRef = 5A3B6F7B1AD146A1009AD282 /* Load.cpp */; };
		5A3B6F911AD146A1009AD282 /* Move.cpp in Sources */ = {isa = PBXBuildFile; fileRef = 5A3B6F7D1AD146A1009AD282 /* Move.cpp */; };
		5A3B6F921AD146A1009AD282 /* Multiply.cpp in Sources */ = {isa = PBXBuildFile; fileRef = 5A3B6F7F1AD146A1009AD282 /* Multiply.cpp */; };
		5A3B6F931AD146A1009AD282 /* Or.cpp in Sources */ = {isa = PBXBuildFile; fileRef = 5A3B6F811AD146A1009AD282 /* Or.cpp */; };
		5A3B6F941AD146A1009AD282 /* SetLessThan.cpp in Sources */ = {isa = PBXBuildFile; fileRef = 5A3B6F831AD146A1009AD282 /* SetLessThan.cpp */; };
		5A3B6F951AD146A1009AD282 /* Shift.cpp in Sources */ = {isa = PBXBuildFile; fileRef = 5A3B6F851AD146A1009AD282 /* Shift.cpp */; };
		5A3B6F961AD146A1009AD282 /* Store.cpp in Sources */ = {isa = PBXBuildFile; fileRef = 5A3B6F871AD146A1009AD282 /* Store.cpp */; };
		5A3B6F971AD146A1009AD282 /* Subtract.cpp in Sources */ = {isa = PBXBuildFile; fileRef = 5A3B6F891AD146A1009AD282 /* Subtract.cpp */; };
		5A3B6F9B1AD148C3009AD282 /* Instruction.cpp in Sources */ = {isa = PBXBuildFile; fileRef = 5A3B6F991AD148C3009AD282 /* Instruction.cpp */; };
		5AB67AED1AB423D000C0CCA9 /* main.cpp in Sources */ = {isa = PBXBuildFile; fileRef = 5AB67AEC1AB423D000C0CCA9 /* main.cpp */; };
		5AB67AF91AB429D200C0CCA9 /* Instructor.cpp in Sources */ = {isa = PBXBuildFile; fileRef = 5AB67AF71AB429D200C0CCA9 /* Instructor.cpp */; };
/* End PBXBuildFile section */

/* Begin PBXCopyFilesBuildPhase section */
		5AB67AE71AB423D000C0CCA9 /* CopyFiles */ = {
			isa = PBXCopyFilesBuildPhase;
			buildActionMask = 2147483647;
			dstPath = /usr/share/man/man1/;
			dstSubfolderSpec = 0;
			files = (
			);
			runOnlyForDeploymentPostprocessing = 1;
		};
/* End PBXCopyFilesBuildPhase section */

/* Begin PBXFileReference section */
		5A3B6F6E1AD1467D009AD282 /* Common.h */ = {isa = PBXFileReference; lastKnownFileType = sourcecode.c.h; path = Common.h; sourceTree = "<group>"; };
		5A3B6F6F1AD146A1009AD282 /* Add.cpp */ = {isa = PBXFileReference; fileEncoding = 4; lastKnownFileType = sourcecode.cpp.cpp; path = Add.cpp; sourceTree = "<group>"; };
		5A3B6F701AD146A1009AD282 /* Add.h */ = {isa = PBXFileReference; fileEncoding = 4; lastKnownFileType = sourcecode.c.h; path = Add.h; sourceTree = "<group>"; };
		5A3B6F711AD146A1009AD282 /* And.cpp */ = {isa = PBXFileReference; fileEncoding = 4; lastKnownFileType = sourcecode.cpp.cpp; path = And.cpp; sourceTree = "<group>"; };
		5A3B6F721AD146A1009AD282 /* And.h */ = {isa = PBXFileReference; fileEncoding = 4; lastKnownFileType = sourcecode.c.h; path = And.h; sourceTree = "<group>"; };
		5A3B6F731AD146A1009AD282 /* Branch.cpp */ = {isa = PBXFileReference; fileEncoding = 4; lastKnownFileType = sourcecode.cpp.cpp; path = Branch.cpp; sourceTree = "<group>"; };
		5A3B6F741AD146A1009AD282 /* Branch.h */ = {isa = PBXFileReference; fileEncoding = 4; lastKnownFileType = sourcecode.c.h; path = Branch.h; sourceTree = "<group>"; };
		5A3B6F761AD146A1009AD282 /* Divide.cpp */ = {isa = PBXFileReference; fileEncoding = 4; lastKnownFileType = sourcecode.cpp.cpp; path = Divide.cpp; sourceTree = "<group>"; };
		5A3B6F771AD146A1009AD282 /* Divide.h */ = {isa = PBXFileReference; fileEncoding = 4; lastKnownFileType = sourcecode.c.h; path = Divide.h; sourceTree = "<group>"; };
		5A3B6F781AD146A1009AD282 /* InstructionSet.h */ = {isa = PBXFileReference; fileEncoding = 4; lastKnownFileType = sourcecode.c.h; path = InstructionSet.h; sourceTree = "<group>"; };
		5A3B6F791AD146A1009AD282 /* Jump.cpp */ = {isa = PBXFileReference; fileEncoding = 4; lastKnownFileType = sourcecode.cpp.cpp; path = Jump.cpp; sourceTree = "<group>"; };
		5A3B6F7A1AD146A1009AD282 /* Jump.h */ = {isa = PBXFileReference; fileEncoding = 4; lastKnownFileType = sourcecode.c.h; path = Jump.h; sourceTree = "<group>"; };
		5A3B6F7B1AD146A1009AD282 /* Load.cpp */ = {isa = PBXFileReference; fileEncoding = 4; lastKnownFileType = sourcecode.cpp.cpp; path = Load.cpp; sourceTree = "<group>"; };
		5A3B6F7C1AD146A1009AD282 /* Load.h */ = {isa = PBXFileReference; fileEncoding = 4; lastKnownFileType = sourcecode.c.h; path = Load.h; sourceTree = "<group>"; };
		5A3B6F7D1AD146A1009AD282 /* Move.cpp */ = {isa = PBXFileReference; fileEncoding = 4; lastKnownFileType = sourcecode.cpp.cpp; path = Move.cpp; sourceTree = "<group>"; };
		5A3B6F7E1AD146A1009AD282 /* Move.h */ = {isa = PBXFileReference; fileEncoding = 4; lastKnownFileType = sourcecode.c.h; path = Move.h; sourceTree = "<group>"; };
		5A3B6F7F1AD146A1009AD282 /* Multiply.cpp */ = {isa = PBXFileReference; fileEncoding = 4; lastKnownFileType = sourcecode.cpp.cpp; path = Multiply.cpp; sourceTree = "<group>"; };
		5A3B6F801AD146A1009AD282 /* Multiply.h */ = {isa = PBXFileReference; fileEncoding = 4; lastKnownFileType = sourcecode.c.h; path = Multiply.h; sourceTree = "<group>"; };
		5A3B6F811AD146A1009AD282 /* Or.cpp */ = {isa = PBXFileReference; fileEncoding = 4; lastKnownFileType = sourcecode.cpp.cpp; path = Or.cpp; sourceTree = "<group>"; };
		5A3B6F821AD146A1009AD282 /* Or.h */ = {isa = PBXFileReference; fileEncoding = 4; lastKnownFileType = sourcecode.c.h; path = Or.h; sourceTree = "<group>"; };
		5A3B6F831AD146A1009AD282 /* SetLessThan.cpp */ = {isa = PBXFileReference; fileEncoding = 4; lastKnownFileType = sourcecode.cpp.cpp; path = SetLessThan.cpp; sourceTree = "<group>"; };
		5A3B6F841AD146A1009AD282 /* SetLessThan.h */ = {isa = PBXFileReference; fileEncoding = 4; lastKnownFileType = sourcecode.c.h; path = SetLessThan.h; sourceTree = "<group>"; };
		5A3B6F851AD146A1009AD282 /* Shift.cpp */ = {isa = PBXFileReference; fileEncoding = 4; lastKnownFileType = sourcecode.cpp.cpp; path = Shift.cpp; sourceTree = "<group>"; };
		5A3B6F861AD146A1009AD282 /* Shift.h */ = {isa = PBXFileReference; fileEncoding = 4; lastKnownFileType = sourcecode.c.h; path = Shift.h; sourceTree = "<group>"; };
		5A3B6F871AD146A1009AD282 /* Store.cpp */ = {isa = PBXFileReference; fileEncoding = 4; lastKnownFileType = sourcecode.cpp.cpp; path = Store.cpp; sourceTree = "<group>"; };
		5A3B6F881AD146A1009AD282 /* Store.h */ = {isa = PBXFileReference; fileEncoding = 4; lastKnownFileType = sourcecode.c.h; path = Store.h; sourceTree = "<group>"; };
		5A3B6F891AD146A1009AD282 /* Subtract.cpp */ = {isa = PBXFileReference; fileEncoding = 4; lastKnownFileType = sourcecode.cpp.cpp; path = Subtract.cpp; sourceTree = "<group>"; };
		5A3B6F8A1AD146A1009AD282 /* Subtract.h */ = {isa = PBXFileReference; fileEncoding = 4; lastKnownFileType = sourcecode.c.h; path = Subtract.h; sourceTree = "<group>"; };
		5A3B6F991AD148C3009AD282 /* Instruction.cpp */ = {isa = PBXFileReference; fileEncoding = 4; lastKnownFileType = sourcecode.cpp.cpp; path = Instruction.cpp; sourceTree = "<group>"; };
		5A3B6F9A1AD148C3009AD282 /* Instruction.h */ = {isa = PBXFileReference; fileEncoding = 4; lastKnownFileType = sourcecode.c.h; path = Instruction.h; sourceTree = "<group>"; };
		5AB67AE91AB423D000C0CCA9 /* processor_calculator */ = {isa = PBXFileReference; explicitFileType = "compiled.mach-o.executable"; includeInIndex = 0; path = processor_calculator; sourceTree = BUILT_PRODUCTS_DIR; };
		5AB67AEC1AB423D000C0CCA9 /* main.cpp */ = {isa = PBXFileReference; lastKnownFileType = sourcecode.cpp.cpp; path = main.cpp; sourceTree = "<group>"; };
		5AB67AF71AB429D200C0CCA9 /* Instructor.cpp */ = {isa = PBXFileReference; fileEncoding = 4; lastKnownFileType = sourcecode.cpp.cpp; path = Instructor.cpp; sourceTree = "<group>"; };
		5AB67AF81AB429D200C0CCA9 /* Instructor.h */ = {isa = PBXFileReference; fileEncoding = 4; lastKnownFileType = sourcecode.c.h; path = Instructor.h; sourceTree = "<group>"; };
/* End PBXFileReference section */

/* Begin PBXFrameworksBuildPhase section */
		5AB67AE61AB423D000C0CCA9 /* Frameworks */ = {
			isa = PBXFrameworksBuildPhase;
			buildActionMask = 2147483647;
			files = (
			);
			runOnlyForDeploymentPostprocessing = 0;
		};
/* End PBXFrameworksBuildPhase section */

/* Begin PBXGroup section */
		5A3B6F981AD146AF009AD282 /* InstructionSet */ = {
			isa = PBXGroup;
			children = (
				5A3B6F6F1AD146A1009AD282 /* Add.cpp */,
				5A3B6F701AD146A1009AD282 /* Add.h */,
				5A3B6F711AD146A1009AD282 /* And.cpp */,
				5A3B6F721AD146A1009AD282 /* And.h */,
				5A3B6F731AD146A1009AD282 /* Branch.cpp */,
				5A3B6F741AD146A1009AD282 /* Branch.h */,
				5A3B6F761AD146A1009AD282 /* Divide.cpp */,
				5A3B6F771AD146A1009AD282 /* Divide.h */,
				5A3B6F791AD146A1009AD282 /* Jump.cpp */,
				5A3B6F7A1AD146A1009AD282 /* Jump.h */,
				5A3B6F7B1AD146A1009AD282 /* Load.cpp */,
				5A3B6F7C1AD146A1009AD282 /* Load.h */,
				5A3B6F7D1AD146A1009AD282 /* Move.cpp */,
				5A3B6F7E1AD146A1009AD282 /* Move.h */,
				5A3B6F7F1AD146A1009AD282 /* Multiply.cpp */,
				5A3B6F801AD146A1009AD282 /* Multiply.h */,
				5A3B6F811AD146A1009AD282 /* Or.cpp */,
				5A3B6F821AD146A1009AD282 /* Or.h */,
				5A3B6F831AD146A1009AD282 /* SetLessThan.cpp */,
				5A3B6F841AD146A1009AD282 /* SetLessThan.h */,
				5A3B6F851AD146A1009AD282 /* Shift.cpp */,
				5A3B6F861AD146A1009AD282 /* Shift.h */,
				5A3B6F871AD146A1009AD282 /* Store.cpp */,
				5A3B6F881AD146A1009AD282 /* Store.h */,
				5A3B6F891AD146A1009AD282 /* Subtract.cpp */,
				5A3B6F8A1AD146A1009AD282 /* Subtract.h */,
			);
			name = InstructionSet;
			sourceTree = "<group>";
		};
		5AB67AE01AB423D000C0CCA9 = {
			isa = PBXGroup;
			children = (
				5AB67AEB1AB423D000C0CCA9 /* processor_calculator */,
				5AB67AEA1AB423D000C0CCA9 /* Products */,
			);
			sourceTree = "<group>";
		};
		5AB67AEA1AB423D000C0CCA9 /* Products */ = {
			isa = PBXGroup;
			children = (
				5AB67AE91AB423D000C0CCA9 /* processor_calculator */,
			);
			name = Products;
			sourceTree = "<group>";
		};
		5AB67AEB1AB423D000C0CCA9 /* processor_calculator */ = {
			isa = PBXGroup;
			children = (
				5A3B6F6E1AD1467D009AD282 /* Common.h */,
				5AB67AEC1AB423D000C0CCA9 /* main.cpp */,
				5AB67AFA1AB429DE00C0CCA9 /* Instructor */,
				5AB67AFB1AB429E600C0CCA9 /* Instruction */,
			);
			path = processor_calculator;
			sourceTree = "<group>";
		};
		5AB67AFA1AB429DE00C0CCA9 /* Instructor */ = {
			isa = PBXGroup;
			children = (
				5AB67AF71AB429D200C0CCA9 /* Instructor.cpp */,
				5AB67AF81AB429D200C0CCA9 /* Instructor.h */,
			);
			name = Instructor;
			sourceTree = "<group>";
		};
		5AB67AFB1AB429E600C0CCA9 /* Instruction */ = {
			isa = PBXGroup;
			children = (
				5A3B6F991AD148C3009AD282 /* Instruction.cpp */,
				5A3B6F9A1AD148C3009AD282 /* Instruction.h */,
				5A3B6F781AD146A1009AD282 /* InstructionSet.h */,
				5A3B6F981AD146AF009AD282 /* InstructionSet */,
			);
			name = Instruction;
			sourceTree = "<group>";
		};
/* End PBXGroup section */

/* Begin PBXNativeTarget section */
		5AB67AE81AB423D000C0CCA9 /* processor_calculator */ = {
			isa = PBXNativeTarget;
			buildConfigurationList = 5AB67AF01AB423D000C0CCA9 /* Build configuration list for PBXNativeTarget "processor_calculator" */;
			buildPhases = (
				5AB67AE51AB423D000C0CCA9 /* Sources */,
				5AB67AE61AB423D000C0CCA9 /* Frameworks */,
				5AB67AE71AB423D000C0CCA9 /* CopyFiles */,
			);
			buildRules = (
			);
			dependencies = (
			);
			name = processor_calculator;
			productName = processor_calculator;
			productReference = 5AB67AE91AB423D000C0CCA9 /* processor_calculator */;
			productType = "com.apple.product-type.tool";
		};
/* End PBXNativeTarget section */

/* Begin PBXProject section */
		5AB67AE11AB423D000C0CCA9 /* Project object */ = {
			isa = PBXProject;
			attributes = {
				LastUpgradeCheck = 0610;
				ORGANIZATIONNAME = CH;
				TargetAttributes = {
					5AB67AE81AB423D000C0CCA9 = {
						CreatedOnToolsVersion = 6.1.1;
					};
				};
			};
			buildConfigurationList = 5AB67AE41AB423D000C0CCA9 /* Build configuration list for PBXProject "processor_calculator" */;
			compatibilityVersion = "Xcode 3.2";
			developmentRegion = English;
			hasScannedForEncodings = 0;
			knownRegions = (
				en,
			);
			mainGroup = 5AB67AE01AB423D000C0CCA9;
			productRefGroup = 5AB67AEA1AB423D000C0CCA9 /* Products */;
			projectDirPath = "";
			projectRoot = "";
			targets = (
				5AB67AE81AB423D000C0CCA9 /* processor_calculator */,
			);
		};
/* End PBXProject section */

/* Begin PBXSourcesBuildPhase section */
		5AB67AE51AB423D000C0CCA9 /* Sources */ = {
			isa = PBXSourcesBuildPhase;
			buildActionMask = 2147483647;
			files = (
				5A3B6F951AD146A1009AD282 /* Shift.cpp in Sources */,
				5A3B6F941AD146A1009AD282 /* SetLessThan.cpp in Sources */,
				5A3B6F961AD146A1009AD282 /* Store.cpp in Sources */,
				5A3B6F901AD146A1009AD282 /* Load.cpp in Sources */,
				5A3B6F8C1AD146A1009AD282 /* And.cpp in Sources */,
				5A3B6F971AD146A1009AD282 /* Subtract.cpp in Sources */,
				5A3B6F8D1AD146A1009AD282 /* Branch.cpp in Sources */,
				5A3B6F8E1AD146A1009AD282 /* Divide.cpp in Sources */,
				5A3B6F911AD146A1009AD282 /* Move.cpp in Sources */,
				5A3B6F9B1AD148C3009AD282 /* Instruction.cpp in Sources */,
				5AB67AED1AB423D000C0CCA9 /* main.cpp in Sources */,
				5A3B6F921AD146A1009AD282 /* Multiply.cpp in Sources */,
				5A3B6F8B1AD146A1009AD282 /* Add.cpp in Sources */,
				5A3B6F931AD146A1009AD282 /* Or.cpp in Sources */,
				5A3B6F8F1AD146A1009AD282 /* Jump.cpp in Sources */,
				5AB67AF91AB429D200C0CCA9 /* Instructor.cpp in Sources */,
			);
			runOnlyForDeploymentPostprocessing = 0;
		};
/* End PBXSourcesBuildPhase section */

/* Begin XCBuildConfiguration section */
		5AB67AEE1AB423D000C0CCA9 /* Debug */ = {
			isa = XCBuildConfiguration;
			buildSettings = {
				ALWAYS_SEARCH_USER_PATHS = NO;
				CLANG_CXX_LANGUAGE_STANDARD = "gnu++0x";
				CLANG_CXX_LIBRARY = "libc++";
				CLANG_ENABLE_MODULES = YES;
				CLANG_ENABLE_OBJC_ARC = YES;
				CLANG_WARN_BOOL_CONVERSION = YES;
				CLANG_WARN_CONSTANT_CONVERSION = YES;
				CLANG_WARN_DIRECT_OBJC_ISA_USAGE = YES_ERROR;
				CLANG_WARN_EMPTY_BODY = YES;
				CLANG_WARN_ENUM_CONVERSION = YES;
				CLANG_WARN_INT_CONVERSION = YES;
				CLANG_WARN_OBJC_ROOT_CLASS = YES_ERROR;
				CLANG_WARN_UNREACHABLE_CODE = YES;
				CLANG_WARN__DUPLICATE_METHOD_MATCH = YES;
				COPY_PHASE_STRIP = NO;
				ENABLE_STRICT_OBJC_MSGSEND = YES;
				GCC_C_LANGUAGE_STANDARD = gnu99;
				GCC_DYNAMIC_NO_PIC = NO;
				GCC_OPTIMIZATION_LEVEL = 0;
				GCC_PREPROCESSOR_DEFINITIONS = (
					"DEBUG=1",
					"$(inherited)",
				);
				GCC_SYMBOLS_PRIVATE_EXTERN = NO;
				GCC_WARN_64_TO_32_BIT_CONVERSION = YES;
				GCC_WARN_ABOUT_RETURN_TYPE = YES_ERROR;
				GCC_WARN_UNDECLARED_SELECTOR = YES;
				GCC_WARN_UNINITIALIZED_AUTOS = YES_AGGRESSIVE;
				GCC_WARN_UNUSED_FUNCTION = YES;
				GCC_WARN_UNUSED_VARIABLE = YES;
				MACOSX_DEPLOYMENT_TARGET = 10.10;
				MTL_ENABLE_DEBUG_INFO = YES;
				ONLY_ACTIVE_ARCH = YES;
				SDKROOT = macosx;
			};
			name = Debug;
		};
		5AB67AEF1AB423D000C0CCA9 /* Release */ = {
			isa = XCBuildConfiguration;
			buildSettings = {
				ALWAYS_SEARCH_USER_PATHS = NO;
				CLANG_CXX_LANGUAGE_STANDARD = "gnu++0x";
				CLANG_CXX_LIBRARY = "libc++";
				CLANG_ENABLE_MODULES = YES;
				CLANG_ENABLE_OBJC_ARC = YES;
				CLANG_WARN_BOOL_CONVERSION = YES;
				CLANG_WARN_CONSTANT_CONVERSION = YES;
				CLANG_WARN_DIRECT_OBJC_ISA_USAGE = YES_ERROR;
				CLANG_WARN_EMPTY_BODY = YES;
				CLANG_WARN_ENUM_CONVERSION = YES;
				CLANG_WARN_INT_CONVERSION = YES;
				CLANG_WARN_OBJC_ROOT_CLASS = YES_ERROR;
				CLANG_WARN_UNREACHABLE_CODE = YES;
				CLANG_WARN__DUPLICATE_METHOD_MATCH = YES;
				COPY_PHASE_STRIP = YES;
				DEBUG_INFORMATION_FORMAT = "dwarf-with-dsym";
				ENABLE_NS_ASSERTIONS = NO;
				ENABLE_STRICT_OBJC_MSGSEND = YES;
				GCC_C_LANGUAGE_STANDARD = gnu99;
				GCC_WARN_64_TO_32_BIT_CONVERSION = YES;
				GCC_WARN_ABOUT_RETURN_TYPE = YES_ERROR;
				GCC_WARN_UNDECLARED_SELECTOR = YES;
				GCC_WARN_UNINITIALIZED_AUTOS = YES_AGGRESSIVE;
				GCC_WARN_UNUSED_FUNCTION = YES;
				GCC_WARN_UNUSED_VARIABLE = YES;
				MACOSX_DEPLOYMENT_TARGET = 10.10;
				MTL_ENABLE_DEBUG_INFO = NO;
				SDKROOT = macosx;
			};
			name = Release;
		};
		5AB67AF11AB423D000C0CCA9 /* Debug */ = {
			isa = XCBuildConfiguration;
			buildSettings = {
				ARCHS = "$(ARCHS_STANDARD)";
				PRODUCT_NAME = "$(TARGET_NAME)";
			};
			name = Debug;
		};
		5AB67AF21AB423D000C0CCA9 /* Release */ = {
			isa = XCBuildConfiguration;
			buildSettings = {
				ARCHS = "$(ARCHS_STANDARD)";
				PRODUCT_NAME = "$(TARGET_NAME)";
			};
			name = Release;
		};
/* End XCBuildConfiguration section */

/* Begin XCConfigurationList section */
		5AB67AE41AB423D000C0CCA9 /* Build configuration list for PBXProject "processor_calculator" */ = {
			isa = XCConfigurationList;
			buildConfigurations = (
				5AB67AEE1AB423D000C0CCA9 /* Debug */,
				5AB67AEF1AB423D000C0CCA9 /* Release */,
			);
			defaultConfigurationIsVisible = 0;
			defaultConfigurationName = Release;
		};
		5AB67AF01AB423D000C0CCA9 /* Build configuration list for PBXNativeTarget "processor_calculator" */ = {
			isa = XCConfigurationList;
			buildConfigurations = (
				5AB67AF11AB423D000C0CCA9 /* Debug */,
				5AB67AF21AB423D000C0CCA9 /* Release */,
			);
			defaultConfigurationIsVisible = 0;
			defaultConfigurationName = Release;
		};
/* End XCConfigurationList section */
	};
	rootObject = 5AB67AE11AB423D000C0CCA9 /* Project object */;
}
